
Microsoft Visual Studio Solution File, Format Version 12.00
# Visual Studio Version 17
VisualStudioVersion = 17.14.36414.22
MinimumVisualStudioVersion = 10.0.40219.1
Project("{FAE04EC0-301F-11D3-BF4B-00C04F79EFBC}") = "ConsoleApp", "ConsoleApp\ConsoleApp.csproj", "{C575483C-43BF-45AF-998E-ECCC854B0BDD}"
EndProject
Project("{FAE04EC0-301F-11D3-BF4B-00C04F79EFBC}") = "WindowsFormsApp1", "WindowsFormsApp1\WindowsFormsApp1.csproj", "{A37334CB-FE11-43EC-A6A9-895303272BD2}"
EndProject
Project("{FAE04EC0-301F-11D3-BF4B-00C04F79EFBC}") = "LogicAndModel", "LogicAndModel\LogicAndModel.csproj", "{F12970A2-8CF3-4226-968C-4FF6C3083C57}"
EndProject
Global
	GlobalSection(SolutionConfigurationPlatforms) = preSolution
		Debug|Any CPU = Debug|Any CPU
		Release|Any CPU = Release|Any CPU
	EndGlobalSection
	GlobalSection(ProjectConfigurationPlatforms) = postSolution
		{C575483C-43BF-45AF-998E-ECCC854B0BDD}.Debug|Any CPU.ActiveCfg = Debug|Any CPU
		{C575483C-43BF-45AF-998E-ECCC854B0BDD}.Debug|Any CPU.Build.0 = Debug|Any CPU
		{C575483C-43BF-45AF-998E-ECCC854B0BDD}.Release|Any CPU.ActiveCfg = Release|Any CPU
		{C575483C-43BF-45AF-998E-ECCC854B0BDD}.Release|Any CPU.Build.0 = Release|Any CPU
		{A37334CB-FE11-43EC-A6A9-895303272BD2}.Debug|Any CPU.ActiveCfg = Debug|Any CPU
		{A37334CB-FE11-43EC-A6A9-895303272BD2}.Debug|Any CPU.Build.0 = Debug|Any CPU
		{A37334CB-FE11-43EC-A6A9-895303272BD2}.Release|Any CPU.ActiveCfg = Release|Any CPU
		{A37334CB-FE11-43EC-A6A9-895303272BD2}.Release|Any CPU.Build.0 = Release|Any CPU
		{F12970A2-8CF3-4226-968C-4FF6C3083C57}.Debug|Any CPU.ActiveCfg = Debug|Any CPU
		{F12970A2-8CF3-4226-968C-4FF6C3083C57}.Debug|Any CPU.Build.0 = Debug|Any CPU
		{F12970A2-8CF3-4226-968C-4FF6C3083C57}.Release|Any CPU.ActiveCfg = Release|Any CPU
		{F12970A2-8CF3-4226-968C-4FF6C3083C57}.Release|Any CPU.Build.0 = Release|Any CPU
	EndGlobalSection
	GlobalSection(SolutionProperties) = preSolution
		HideSolutionNode = FALSE
	EndGlobalSection
	GlobalSection(ExtensibilityGlobals) = postSolution
		SolutionGuid = {DE624C26-33EC-47FC-A1F3-FB413F99FE14}
	EndGlobalSection
EndGlobal
